
Microsoft Visual Studio Solution File, Format Version 12.00
# Visual Studio Version 16
VisualStudioVersion = 16.0.29418.71
MinimumVisualStudioVersion = 10.0.40219.1
Project("{FAE04EC0-301F-11D3-BF4B-00C04F79EFBC}") = "SeatDomain", "SeatDomain\SeatDomain.csproj", "{3E9FABE2-5320-412F-B0A9-E7D7D9490252}"
EndProject
Project("{FAE04EC0-301F-11D3-BF4B-00C04F79EFBC}") = "SeatService", "SeatService\SeatService.csproj", "{C233DE96-7A6A-4067-BA34-D9C731FA203D}"
EndProject
Project("{FAE04EC0-301F-11D3-BF4B-00C04F79EFBC}") = "SeatWebApp", "SeatWebApp\SeatWebApp.csproj", "{4F4E28C1-3D99-4D6E-AA88-2D95A5EE17FD}"
EndProject
Project("{FAE04EC0-301F-11D3-BF4B-00C04F79EFBC}") = "Exir.Framework.Common", "..\Framework\Orange\Common\45\Exir.Framework.Common.csproj", "{3626B579-34CB-4A97-B679-5982C75013DD}"
EndProject
Project("{FAE04EC0-301F-11D3-BF4B-00C04F79EFBC}") = "Exir.Framework.DataAccess", "..\Framework\Orange\DataAccess\45\Exir.Framework.DataAccess.csproj", "{7A008D6E-F74D-47E8-B504-9AC382F1B1DF}"
EndProject
Project("{FAE04EC0-301F-11D3-BF4B-00C04F79EFBC}") = "Exir.Framework.Security", "..\Framework\Orange\Security\45\Exir.Framework.Security.csproj", "{6E4B8A0A-2210-476F-8CC9-E8B08F63B729}"
EndProject
Project("{FAE04EC0-301F-11D3-BF4B-00C04F79EFBC}") = "Exir.Framework.Service", "..\Framework\Orange\Service\45\Exir.Framework.Service.csproj", "{C42A3F8C-2FDD-4523-9616-6C57735D1194}"
EndProject
Project("{FAE04EC0-301F-11D3-BF4B-00C04F79EFBC}") = "Exir.Framework.Uie", "..\Framework\Orange\Uie\45\Exir.Framework.Uie.csproj", "{5C137E9D-54AC-4222-9F9F-658547F0BFEB}"
EndProject
Project("{FAE04EC0-301F-11D3-BF4B-00C04F79EFBC}") = "Exir.Framework.Uie.Adapter", "..\Framework\Orange\UieAdapter\45\Exir.Framework.Uie.Adapter.csproj", "{96CB90D6-E490-415F-8425-D93FAB2374EE}"
EndProject
Project("{FAE04EC0-301F-11D3-BF4B-00C04F79EFBC}") = "Exir.Framework.ApplicationService", "..\Framework\Orange\Application\45\Exir.Framework.ApplicationService\Exir.Framework.ApplicationService.csproj", "{1563BD38-C2CD-4411-82DF-4419C1DEBE40}"
EndProject
Project("{FAE04EC0-301F-11D3-BF4B-00C04F79EFBC}") = "Exir.Framework.RedisCacheProvider", "..\Framework\Orange\Cache\Exir.Framework.RedisCacheProvider\Exir.Framework.RedisCacheProvider.csproj", "{B1464FFC-238E-430D-AEF2-9050C2CBF644}"
EndProject
Global
	GlobalSection(SolutionConfigurationPlatforms) = preSolution
		Debug|Any CPU = Debug|Any CPU
		Debug|x64 = Debug|x64
		Debug|x86 = Debug|x86
		Release|Any CPU = Release|Any CPU
		Release|x64 = Release|x64
		Release|x86 = Release|x86
		Validation Check|Any CPU = Validation Check|Any CPU
		Validation Check|x64 = Validation Check|x64
		Validation Check|x86 = Validation Check|x86
	EndGlobalSection
	GlobalSection(ProjectConfigurationPlatforms) = postSolution
		{3E9FABE2-5320-412F-B0A9-E7D7D9490252}.Debug|Any CPU.ActiveCfg = Debug|Any CPU
		{3E9FABE2-5320-412F-B0A9-E7D7D9490252}.Debug|Any CPU.Build.0 = Debug|Any CPU
		{3E9FABE2-5320-412F-B0A9-E7D7D9490252}.Debug|x64.ActiveCfg = Debug|Any CPU
		{3E9FABE2-5320-412F-B0A9-E7D7D9490252}.Debug|x64.Build.0 = Debug|Any CPU
		{3E9FABE2-5320-412F-B0A9-E7D7D9490252}.Debug|x86.ActiveCfg = Debug|Any CPU
		{3E9FABE2-5320-412F-B0A9-E7D7D9490252}.Debug|x86.Build.0 = Debug|Any CPU
		{3E9FABE2-5320-412F-B0A9-E7D7D9490252}.Release|Any CPU.ActiveCfg = Release|Any CPU
		{3E9FABE2-5320-412F-B0A9-E7D7D9490252}.Release|Any CPU.Build.0 = Release|Any CPU
		{3E9FABE2-5320-412F-B0A9-E7D7D9490252}.Release|x64.ActiveCfg = Release|Any CPU
		{3E9FABE2-5320-412F-B0A9-E7D7D9490252}.Release|x64.Build.0 = Release|Any CPU
		{3E9FABE2-5320-412F-B0A9-E7D7D9490252}.Release|x86.ActiveCfg = Release|Any CPU
		{3E9FABE2-5320-412F-B0A9-E7D7D9490252}.Release|x86.Build.0 = Release|Any CPU
		{3E9FABE2-5320-412F-B0A9-E7D7D9490252}.Validation Check|Any CPU.ActiveCfg = Release|Any CPU
		{3E9FABE2-5320-412F-B0A9-E7D7D9490252}.Validation Check|Any CPU.Build.0 = Release|Any CPU
		{3E9FABE2-5320-412F-B0A9-E7D7D9490252}.Validation Check|x64.ActiveCfg = Release|Any CPU
		{3E9FABE2-5320-412F-B0A9-E7D7D9490252}.Validation Check|x64.Build.0 = Release|Any CPU
		{3E9FABE2-5320-412F-B0A9-E7D7D9490252}.Validation Check|x86.ActiveCfg = Release|Any CPU
		{3E9FABE2-5320-412F-B0A9-E7D7D9490252}.Validation Check|x86.Build.0 = Release|Any CPU
		{C233DE96-7A6A-4067-BA34-D9C731FA203D}.Debug|Any CPU.ActiveCfg = Debug|Any CPU
		{C233DE96-7A6A-4067-BA34-D9C731FA203D}.Debug|Any CPU.Build.0 = Debug|Any CPU
		{C233DE96-7A6A-4067-BA34-D9C731FA203D}.Debug|x64.ActiveCfg = Debug|Any CPU
		{C233DE96-7A6A-4067-BA34-D9C731FA203D}.Debug|x64.Build.0 = Debug|Any CPU
		{C233DE96-7A6A-4067-BA34-D9C731FA203D}.Debug|x86.ActiveCfg = Debug|Any CPU
		{C233DE96-7A6A-4067-BA34-D9C731FA203D}.Debug|x86.Build.0 = Debug|Any CPU
		{C233DE96-7A6A-4067-BA34-D9C731FA203D}.Release|Any CPU.ActiveCfg = Release|Any CPU
		{C233DE96-7A6A-4067-BA34-D9C731FA203D}.Release|Any CPU.Build.0 = Release|Any CPU
		{C233DE96-7A6A-4067-BA34-D9C731FA203D}.Release|x64.ActiveCfg = Release|Any CPU
		{C233DE96-7A6A-4067-BA34-D9C731FA203D}.Release|x64.Build.0 = Release|Any CPU
		{C233DE96-7A6A-4067-BA34-D9C731FA203D}.Release|x86.ActiveCfg = Release|Any CPU
		{C233DE96-7A6A-4067-BA34-D9C731FA203D}.Release|x86.Build.0 = Release|Any CPU
		{C233DE96-7A6A-4067-BA34-D9C731FA203D}.Validation Check|Any CPU.ActiveCfg = Release|Any CPU
		{C233DE96-7A6A-4067-BA34-D9C731FA203D}.Validation Check|Any CPU.Build.0 = Release|Any CPU
		{C233DE96-7A6A-4067-BA34-D9C731FA203D}.Validation Check|x64.ActiveCfg = Release|Any CPU
		{C233DE96-7A6A-4067-BA34-D9C731FA203D}.Validation Check|x64.Build.0 = Release|Any CPU
		{C233DE96-7A6A-4067-BA34-D9C731FA203D}.Validation Check|x86.ActiveCfg = Release|Any CPU
		{C233DE96-7A6A-4067-BA34-D9C731FA203D}.Validation Check|x86.Build.0 = Release|Any CPU
		{4F4E28C1-3D99-4D6E-AA88-2D95A5EE17FD}.Debug|Any CPU.ActiveCfg = Debug|Any CPU
		{4F4E28C1-3D99-4D6E-AA88-2D95A5EE17FD}.Debug|Any CPU.Build.0 = Debug|Any CPU
		{4F4E28C1-3D99-4D6E-AA88-2D95A5EE17FD}.Debug|x64.ActiveCfg = Debug|Any CPU
		{4F4E28C1-3D99-4D6E-AA88-2D95A5EE17FD}.Debug|x64.Build.0 = Debug|Any CPU
		{4F4E28C1-3D99-4D6E-AA88-2D95A5EE17FD}.Debug|x86.ActiveCfg = Debug|Any CPU
		{4F4E28C1-3D99-4D6E-AA88-2D95A5EE17FD}.Debug|x86.Build.0 = Debug|Any CPU
		{4F4E28C1-3D99-4D6E-AA88-2D95A5EE17FD}.Release|Any CPU.ActiveCfg = Release|Any CPU
		{4F4E28C1-3D99-4D6E-AA88-2D95A5EE17FD}.Release|Any CPU.Build.0 = Release|Any CPU
		{4F4E28C1-3D99-4D6E-AA88-2D95A5EE17FD}.Release|x64.ActiveCfg = Release|Any CPU
		{4F4E28C1-3D99-4D6E-AA88-2D95A5EE17FD}.Release|x64.Build.0 = Release|Any CPU
		{4F4E28C1-3D99-4D6E-AA88-2D95A5EE17FD}.Release|x86.ActiveCfg = Release|Any CPU
		{4F4E28C1-3D99-4D6E-AA88-2D95A5EE17FD}.Release|x86.Build.0 = Release|Any CPU
		{4F4E28C1-3D99-4D6E-AA88-2D95A5EE17FD}.Validation Check|Any CPU.ActiveCfg = Release|Any CPU
		{4F4E28C1-3D99-4D6E-AA88-2D95A5EE17FD}.Validation Check|Any CPU.Build.0 = Release|Any CPU
		{4F4E28C1-3D99-4D6E-AA88-2D95A5EE17FD}.Validation Check|x64.ActiveCfg = Release|Any CPU
		{4F4E28C1-3D99-4D6E-AA88-2D95A5EE17FD}.Validation Check|x64.Build.0 = Release|Any CPU
		{4F4E28C1-3D99-4D6E-AA88-2D95A5EE17FD}.Validation Check|x86.ActiveCfg = Release|Any CPU
		{4F4E28C1-3D99-4D6E-AA88-2D95A5EE17FD}.Validation Check|x86.Build.0 = Release|Any CPU
		{3626B579-34CB-4A97-B679-5982C75013DD}.Debug|Any CPU.ActiveCfg = Debug|Any CPU
		{3626B579-34CB-4A97-B679-5982C75013DD}.Debug|Any CPU.Build.0 = Debug|Any CPU
		{3626B579-34CB-4A97-B679-5982C75013DD}.Debug|x64.ActiveCfg = Debug|x64
		{3626B579-34CB-4A97-B679-5982C75013DD}.Debug|x64.Build.0 = Debug|x64
		{3626B579-34CB-4A97-B679-5982C75013DD}.Debug|x86.ActiveCfg = Debug|x86
		{3626B579-34CB-4A97-B679-5982C75013DD}.Debug|x86.Build.0 = Debug|x86
		{3626B579-34CB-4A97-B679-5982C75013DD}.Release|Any CPU.ActiveCfg = Release|Any CPU
		{3626B579-34CB-4A97-B679-5982C75013DD}.Release|Any CPU.Build.0 = Release|Any CPU
		{3626B579-34CB-4A97-B679-5982C75013DD}.Release|x64.ActiveCfg = Release|x64
		{3626B579-34CB-4A97-B679-5982C75013DD}.Release|x64.Build.0 = Release|x64
		{3626B579-34CB-4A97-B679-5982C75013DD}.Release|x86.ActiveCfg = Release|x86
		{3626B579-34CB-4A97-B679-5982C75013DD}.Release|x86.Build.0 = Release|x86
		{3626B579-34CB-4A97-B679-5982C75013DD}.Validation Check|Any CPU.ActiveCfg = Validation Check|Any CPU
		{3626B579-34CB-4A97-B679-5982C75013DD}.Validation Check|Any CPU.Build.0 = Validation Check|Any CPU
		{3626B579-34CB-4A97-B679-5982C75013DD}.Validation Check|x64.ActiveCfg = Validation Check|x64
		{3626B579-34CB-4A97-B679-5982C75013DD}.Validation Check|x64.Build.0 = Validation Check|x64
		{3626B579-34CB-4A97-B679-5982C75013DD}.Validation Check|x86.ActiveCfg = Validation Check|x86
		{3626B579-34CB-4A97-B679-5982C75013DD}.Validation Check|x86.Build.0 = Validation Check|x86
		{7A008D6E-F74D-47E8-B504-9AC382F1B1DF}.Debug|Any CPU.ActiveCfg = Debug|Any CPU
		{7A008D6E-F74D-47E8-B504-9AC382F1B1DF}.Debug|Any CPU.Build.0 = Debug|Any CPU
		{7A008D6E-F74D-47E8-B504-9AC382F1B1DF}.Debug|x64.ActiveCfg = Debug|x64
		{7A008D6E-F74D-47E8-B504-9AC382F1B1DF}.Debug|x64.Build.0 = Debug|x64
		{7A008D6E-F74D-47E8-B504-9AC382F1B1DF}.Debug|x86.ActiveCfg = Debug|x86
		{7A008D6E-F74D-47E8-B504-9AC382F1B1DF}.Debug|x86.Build.0 = Debug|x86
		{7A008D6E-F74D-47E8-B504-9AC382F1B1DF}.Release|Any CPU.ActiveCfg = Release|Any CPU
		{7A008D6E-F74D-47E8-B504-9AC382F1B1DF}.Release|Any CPU.Build.0 = Release|Any CPU
		{7A008D6E-F74D-47E8-B504-9AC382F1B1DF}.Release|x64.ActiveCfg = Release|x64
		{7A008D6E-F74D-47E8-B504-9AC382F1B1DF}.Release|x64.Build.0 = Release|x64
		{7A008D6E-F74D-47E8-B504-9AC382F1B1DF}.Release|x86.ActiveCfg = Release|x86
		{7A008D6E-F74D-47E8-B504-9AC382F1B1DF}.Release|x86.Build.0 = Release|x86
		{7A008D6E-F74D-47E8-B504-9AC382F1B1DF}.Validation Check|Any CPU.ActiveCfg = Validation Check|Any CPU
		{7A008D6E-F74D-47E8-B504-9AC382F1B1DF}.Validation Check|Any CPU.Build.0 = Validation Check|Any CPU
		{7A008D6E-F74D-47E8-B504-9AC382F1B1DF}.Validation Check|x64.ActiveCfg = Validation Check|x64
		{7A008D6E-F74D-47E8-B504-9AC382F1B1DF}.Validation Check|x64.Build.0 = Validation Check|x64
		{7A008D6E-F74D-47E8-B504-9AC382F1B1DF}.Validation Check|x86.ActiveCfg = Validation Check|x86
		{7A008D6E-F74D-47E8-B504-9AC382F1B1DF}.Validation Check|x86.Build.0 = Validation Check|x86
		{6E4B8A0A-2210-476F-8CC9-E8B08F63B729}.Debug|Any CPU.ActiveCfg = Debug|Any CPU
		{6E4B8A0A-2210-476F-8CC9-E8B08F63B729}.Debug|Any CPU.Build.0 = Debug|Any CPU
		{6E4B8A0A-2210-476F-8CC9-E8B08F63B729}.Debug|x64.ActiveCfg = Debug|x64
		{6E4B8A0A-2210-476F-8CC9-E8B08F63B729}.Debug|x64.Build.0 = Debug|x64
		{6E4B8A0A-2210-476F-8CC9-E8B08F63B729}.Debug|x86.ActiveCfg = Debug|x86
		{6E4B8A0A-2210-476F-8CC9-E8B08F63B729}.Debug|x86.Build.0 = Debug|x86
		{6E4B8A0A-2210-476F-8CC9-E8B08F63B729}.Release|Any CPU.ActiveCfg = Release|Any CPU
		{6E4B8A0A-2210-476F-8CC9-E8B08F63B729}.Release|Any CPU.Build.0 = Release|Any CPU
		{6E4B8A0A-2210-476F-8CC9-E8B08F63B729}.Release|x64.ActiveCfg = Release|x64
		{6E4B8A0A-2210-476F-8CC9-E8B08F63B729}.Release|x64.Build.0 = Release|x64
		{6E4B8A0A-2210-476F-8CC9-E8B08F63B729}.Release|x86.ActiveCfg = Release|x86
		{6E4B8A0A-2210-476F-8CC9-E8B08F63B729}.Release|x86.Build.0 = Release|x86
		{6E4B8A0A-2210-476F-8CC9-E8B08F63B729}.Validation Check|Any CPU.ActiveCfg = Release|Any CPU
		{6E4B8A0A-2210-476F-8CC9-E8B08F63B729}.Validation Check|Any CPU.Build.0 = Release|Any CPU
		{6E4B8A0A-2210-476F-8CC9-E8B08F63B729}.Validation Check|x64.ActiveCfg = Release|x64
		{6E4B8A0A-2210-476F-8CC9-E8B08F63B729}.Validation Check|x64.Build.0 = Release|x64
		{6E4B8A0A-2210-476F-8CC9-E8B08F63B729}.Validation Check|x86.ActiveCfg = Release|x86
		{6E4B8A0A-2210-476F-8CC9-E8B08F63B729}.Validation Check|x86.Build.0 = Release|x86
		{C42A3F8C-2FDD-4523-9616-6C57735D1194}.Debug|Any CPU.ActiveCfg = Debug|Any CPU
		{C42A3F8C-2FDD-4523-9616-6C57735D1194}.Debug|Any CPU.Build.0 = Debug|Any CPU
		{C42A3F8C-2FDD-4523-9616-6C57735D1194}.Debug|x64.ActiveCfg = Debug|x64
		{C42A3F8C-2FDD-4523-9616-6C57735D1194}.Debug|x64.Build.0 = Debug|x64
		{C42A3F8C-2FDD-4523-9616-6C57735D1194}.Debug|x86.ActiveCfg = Debug|x86
		{C42A3F8C-2FDD-4523-9616-6C57735D1194}.Debug|x86.Build.0 = Debug|x86
		{C42A3F8C-2FDD-4523-9616-6C57735D1194}.Release|Any CPU.ActiveCfg = Release|Any CPU
		{C42A3F8C-2FDD-4523-9616-6C57735D1194}.Release|Any CPU.Build.0 = Release|Any CPU
		{C42A3F8C-2FDD-4523-9616-6C57735D1194}.Release|x64.ActiveCfg = Release|x64
		{C42A3F8C-2FDD-4523-9616-6C57735D1194}.Release|x64.Build.0 = Release|x64
		{C42A3F8C-2FDD-4523-9616-6C57735D1194}.Release|x86.ActiveCfg = Release|x86
		{C42A3F8C-2FDD-4523-9616-6C57735D1194}.Release|x86.Build.0 = Release|x86
		{C42A3F8C-2FDD-4523-9616-6C57735D1194}.Validation Check|Any CPU.ActiveCfg = Validation Check|Any CPU
		{C42A3F8C-2FDD-4523-9616-6C57735D1194}.Validation Check|Any CPU.Build.0 = Validation Check|Any CPU
		{C42A3F8C-2FDD-4523-9616-6C57735D1194}.Validation Check|x64.ActiveCfg = Validation Check|x64
		{C42A3F8C-2FDD-4523-9616-6C57735D1194}.Validation Check|x64.Build.0 = Validation Check|x64
		{C42A3F8C-2FDD-4523-9616-6C57735D1194}.Validation Check|x86.ActiveCfg = Validation Check|x86
		{C42A3F8C-2FDD-4523-9616-6C57735D1194}.Validation Check|x86.Build.0 = Validation Check|x86
		{5C137E9D-54AC-4222-9F9F-658547F0BFEB}.Debug|Any CPU.ActiveCfg = Debug|Any CPU
		{5C137E9D-54AC-4222-9F9F-658547F0BFEB}.Debug|Any CPU.Build.0 = Debug|Any CPU
		{5C137E9D-54AC-4222-9F9F-658547F0BFEB}.Debug|x64.ActiveCfg = Debug|x64
		{5C137E9D-54AC-4222-9F9F-658547F0BFEB}.Debug|x64.Build.0 = Debug|x64
		{5C137E9D-54AC-4222-9F9F-658547F0BFEB}.Debug|x86.ActiveCfg = Debug|x86
		{5C137E9D-54AC-4222-9F9F-658547F0BFEB}.Debug|x86.Build.0 = Debug|x86
		{5C137E9D-54AC-4222-9F9F-658547F0BFEB}.Release|Any CPU.ActiveCfg = Release|Any CPU
		{5C137E9D-54AC-4222-9F9F-658547F0BFEB}.Release|Any CPU.Build.0 = Release|Any CPU
		{5C137E9D-54AC-4222-9F9F-658547F0BFEB}.Release|x64.ActiveCfg = Release|x64
		{5C137E9D-54AC-4222-9F9F-658547F0BFEB}.Release|x64.Build.0 = Release|x64
		{5C137E9D-54AC-4222-9F9F-658547F0BFEB}.Release|x86.ActiveCfg = Release|x86
		{5C137E9D-54AC-4222-9F9F-658547F0BFEB}.Release|x86.Build.0 = Release|x86
		{5C137E9D-54AC-4222-9F9F-658547F0BFEB}.Validation Check|Any CPU.ActiveCfg = Validation Check|Any CPU
		{5C137E9D-54AC-4222-9F9F-658547F0BFEB}.Validation Check|Any CPU.Build.0 = Validation Check|Any CPU
		{5C137E9D-54AC-4222-9F9F-658547F0BFEB}.Validation Check|x64.ActiveCfg = Validation Check|x64
		{5C137E9D-54AC-4222-9F9F-658547F0BFEB}.Validation Check|x64.Build.0 = Validation Check|x64
		{5C137E9D-54AC-4222-9F9F-658547F0BFEB}.Validation Check|x86.ActiveCfg = Validation Check|x86
		{5C137E9D-54AC-4222-9F9F-658547F0BFEB}.Validation Check|x86.Build.0 = Validation Check|x86
		{96CB90D6-E490-415F-8425-D93FAB2374EE}.Debug|Any CPU.ActiveCfg = Debug|Any CPU
		{96CB90D6-E490-415F-8425-D93FAB2374EE}.Debug|Any CPU.Build.0 = Debug|Any CPU
		{96CB90D6-E490-415F-8425-D93FAB2374EE}.Debug|x64.ActiveCfg = Debug|x64
		{96CB90D6-E490-415F-8425-D93FAB2374EE}.Debug|x64.Build.0 = Debug|x64
		{96CB90D6-E490-415F-8425-D93FAB2374EE}.Debug|x86.ActiveCfg = Debug|x86
		{96CB90D6-E490-415F-8425-D93FAB2374EE}.Debug|x86.Build.0 = Debug|x86
		{96CB90D6-E490-415F-8425-D93FAB2374EE}.Release|Any CPU.ActiveCfg = Release|Any CPU
		{96CB90D6-E490-415F-8425-D93FAB2374EE}.Release|Any CPU.Build.0 = Release|Any CPU
		{96CB90D6-E490-415F-8425-D93FAB2374EE}.Release|x64.ActiveCfg = Release|x64
		{96CB90D6-E490-415F-8425-D93FAB2374EE}.Release|x64.Build.0 = Release|x64
		{96CB90D6-E490-415F-8425-D93FAB2374EE}.Release|x86.ActiveCfg = Release|x86
		{96CB90D6-E490-415F-8425-D93FAB2374EE}.Release|x86.Build.0 = Release|x86
		{96CB90D6-E490-415F-8425-D93FAB2374EE}.Validation Check|Any CPU.ActiveCfg = Validation Check|Any CPU
		{96CB90D6-E490-415F-8425-D93FAB2374EE}.Validation Check|Any CPU.Build.0 = Validation Check|Any CPU
		{96CB90D6-E490-415F-8425-D93FAB2374EE}.Validation Check|x64.ActiveCfg = Validation Check|x64
		{96CB90D6-E490-415F-8425-D93FAB2374EE}.Validation Check|x64.Build.0 = Validation Check|x64
		{96CB90D6-E490-415F-8425-D93FAB2374EE}.Validation Check|x86.ActiveCfg = Validation Check|x86
		{96CB90D6-E490-415F-8425-D93FAB2374EE}.Validation Check|x86.Build.0 = Validation Check|x86
		{1563BD38-C2CD-4411-82DF-4419C1DEBE40}.Debug|Any CPU.ActiveCfg = Debug|Any CPU
		{1563BD38-C2CD-4411-82DF-4419C1DEBE40}.Debug|Any CPU.Build.0 = Debug|Any CPU
		{1563BD38-C2CD-4411-82DF-4419C1DEBE40}.Debug|x64.ActiveCfg = Debug|x64
		{1563BD38-C2CD-4411-82DF-4419C1DEBE40}.Debug|x64.Build.0 = Debug|x64
		{1563BD38-C2CD-4411-82DF-4419C1DEBE40}.Debug|x86.ActiveCfg = Debug|x86
		{1563BD38-C2CD-4411-82DF-4419C1DEBE40}.Debug|x86.Build.0 = Debug|x86
		{1563BD38-C2CD-4411-82DF-4419C1DEBE40}.Release|Any CPU.ActiveCfg = Release|Any CPU
		{1563BD38-C2CD-4411-82DF-4419C1DEBE40}.Release|Any CPU.Build.0 = Release|Any CPU
		{1563BD38-C2CD-4411-82DF-4419C1DEBE40}.Release|x64.ActiveCfg = Release|x64
		{1563BD38-C2CD-4411-82DF-4419C1DEBE40}.Release|x64.Build.0 = Release|x64
		{1563BD38-C2CD-4411-82DF-4419C1DEBE40}.Release|x86.ActiveCfg = Release|x86
		{1563BD38-C2CD-4411-82DF-4419C1DEBE40}.Release|x86.Build.0 = Release|x86
		{1563BD38-C2CD-4411-82DF-4419C1DEBE40}.Validation Check|Any CPU.ActiveCfg = Release|Any CPU
		{1563BD38-C2CD-4411-82DF-4419C1DEBE40}.Validation Check|Any CPU.Build.0 = Release|Any CPU
		{1563BD38-C2CD-4411-82DF-4419C1DEBE40}.Validation Check|x64.ActiveCfg = Release|x64
		{1563BD38-C2CD-4411-82DF-4419C1DEBE40}.Validation Check|x64.Build.0 = Release|x64
		{1563BD38-C2CD-4411-82DF-4419C1DEBE40}.Validation Check|x86.ActiveCfg = Release|x86
		{1563BD38-C2CD-4411-82DF-4419C1DEBE40}.Validation Check|x86.Build.0 = Release|x86
		{B1464FFC-238E-430D-AEF2-9050C2CBF644}.Debug|Any CPU.ActiveCfg = Debug|Any CPU
		{B1464FFC-238E-430D-AEF2-9050C2CBF644}.Debug|Any CPU.Build.0 = Debug|Any CPU
		{B1464FFC-238E-430D-AEF2-9050C2CBF644}.Debug|x64.ActiveCfg = Debug|x64
		{B1464FFC-238E-430D-AEF2-9050C2CBF644}.Debug|x64.Build.0 = Debug|x64
		{B1464FFC-238E-430D-AEF2-9050C2CBF644}.Debug|x86.ActiveCfg = Debug|x86
		{B1464FFC-238E-430D-AEF2-9050C2CBF644}.Debug|x86.Build.0 = Debug|x86
		{B1464FFC-238E-430D-AEF2-9050C2CBF644}.Release|Any CPU.ActiveCfg = Release|Any CPU
		{B1464FFC-238E-430D-AEF2-9050C2CBF644}.Release|Any CPU.Build.0 = Release|Any CPU
		{B1464FFC-238E-430D-AEF2-9050C2CBF644}.Release|x64.ActiveCfg = Release|x64
		{B1464FFC-238E-430D-AEF2-9050C2CBF644}.Release|x64.Build.0 = Release|x64
		{B1464FFC-238E-430D-AEF2-9050C2CBF644}.Release|x86.ActiveCfg = Release|x86
		{B1464FFC-238E-430D-AEF2-9050C2CBF644}.Release|x86.Build.0 = Release|x86
		{B1464FFC-238E-430D-AEF2-9050C2CBF644}.Validation Check|Any CPU.ActiveCfg = Release|Any CPU
		{B1464FFC-238E-430D-AEF2-9050C2CBF644}.Validation Check|Any CPU.Build.0 = Release|Any CPU
		{B1464FFC-238E-430D-AEF2-9050C2CBF644}.Validation Check|x64.ActiveCfg = Release|x64
		{B1464FFC-238E-430D-AEF2-9050C2CBF644}.Validation Check|x64.Build.0 = Release|x64
		{B1464FFC-238E-430D-AEF2-9050C2CBF644}.Validation Check|x86.ActiveCfg = Release|x86
		{B1464FFC-238E-430D-AEF2-9050C2CBF644}.Validation Check|x86.Build.0 = Release|x86
	EndGlobalSection
	GlobalSection(SolutionProperties) = preSolution
		HideSolutionNode = FALSE
	EndGlobalSection
	GlobalSection(ExtensibilityGlobals) = postSolution
		SolutionGuid = {17158DDE-0396-45C0-9CDF-5283FA4CE2CE}
	EndGlobalSection
	GlobalSection(TeamFoundationVersionControl) = preSolution
		SccNumberOfProjects = 12
		SccEnterpriseProvider = {4CA58AB2-18FA-4F8D-95D4-32DDF27D184C}
		SccTeamFoundationServer = http://192.168.1.100:8080/tfs/defaultcollection
		SccLocalPath0 = .
		SccProjectUniqueName1 = SeatDomain\\SeatDomain.csproj
		SccProjectName1 = SeatDomain
		SccLocalPath1 = SeatDomain
		SccProjectUniqueName2 = SeatService\\SeatService.csproj
		SccProjectName2 = SeatService
		SccLocalPath2 = SeatService
		SccProjectUniqueName3 = SeatWebApp\\SeatWebApp.csproj
		SccProjectName3 = SeatWebApp
		SccLocalPath3 = SeatWebApp
		SccProjectUniqueName4 = ..\\Framework\\Orange\\Common\\45\\Exir.Framework.Common.csproj
		SccProjectName4 = ../Framework/Orange/Common/45
		SccLocalPath4 = ..\\Framework\\Orange\\Common\\45
		SccProjectUniqueName5 = ..\\Framework\\Orange\\DataAccess\\45\\Exir.Framework.DataAccess.csproj
		SccProjectName5 = ../Framework/Orange/DataAccess/45
		SccLocalPath5 = ..\\Framework\\Orange\\DataAccess\\45
		SccProjectUniqueName6 = ..\\Framework\\Orange\\Security\\45\\Exir.Framework.Security.csproj
		SccProjectName6 = ../Framework/Orange/Security/45
		SccLocalPath6 = ..\\Framework\\Orange\\Security\\45
		SccProjectUniqueName7 = ..\\Framework\\Orange\\Service\\45\\Exir.Framework.Service.csproj
		SccProjectName7 = ../Framework/Orange/Service/45
		SccLocalPath7 = ..\\Framework\\Orange\\Service\\45
		SccProjectUniqueName8 = ..\\Framework\\Orange\\Uie\\45\\Exir.Framework.Uie.csproj
		SccProjectName8 = ../Framework/Orange/Uie/45
		SccLocalPath8 = ..\\Framework\\Orange\\Uie\\45
		SccProjectUniqueName9 = ..\\Framework\\Orange\\UieAdapter\\45\\Exir.Framework.Uie.Adapter.csproj
		SccProjectName9 = ../Framework/Orange/UieAdapter/45
		SccLocalPath9 = ..\\Framework\\Orange\\UieAdapter\\45
		SccProjectUniqueName10 = ..\\Framework\\Orange\\Application\\45\\Exir.Framework.ApplicationService\\Exir.Framework.ApplicationService.csproj
		SccProjectName10 = ../Framework/Orange/Application/45/Exir.Framework.ApplicationService
		SccLocalPath10 = ..\\Framework\\Orange\\Application\\45\\Exir.Framework.ApplicationService
		SccProjectUniqueName11 = ..\\Framework\\Orange\\Cache\\Exir.Framework.RedisCacheProvider\\Exir.Framework.RedisCacheProvider.csproj
		SccProjectName11 = ../Framework/Orange/Cache/Exir.Framework.RedisCacheProvider
		SccLocalPath11 = ..\\Framework\\Orange\\Cache\\Exir.Framework.RedisCacheProvider
	EndGlobalSection
EndGlobal
